// !$*UTF8*$!
{
	archiveVersion = 1;
	classes = {
	};
	objectVersion = 46;
	objects = {

/* Begin PBXBuildFile section */
		D20064FC16D821CF003DCCEE /* UIKit.framework in Frameworks */ = {isa = PBXBuildFile; fileRef = D20064FB16D821CF003DCCEE /* UIKit.framework */; };
		D20064FE16D821CF003DCCEE /* Foundation.framework in Frameworks */ = {isa = PBXBuildFile; fileRef = D20064FD16D821CF003DCCEE /* Foundation.framework */; };
		D200650016D821CF003DCCEE /* CoreGraphics.framework in Frameworks */ = {isa = PBXBuildFile; fileRef = D20064FF16D821CF003DCCEE /* CoreGraphics.framework */; };
		D200650616D821D0003DCCEE /* InfoPlist.strings in Resources */ = {isa = PBXBuildFile; fileRef = D200650416D821D0003DCCEE /* InfoPlist.strings */; };
		D200650816D821D0003DCCEE /* main.m in Sources */ = {isa = PBXBuildFile; fileRef = D200650716D821D0003DCCEE /* main.m */; };
		D200650C16D821D0003DCCEE /* AppDelegate.m in Sources */ = {isa = PBXBuildFile; fileRef = D200650B16D821D0003DCCEE /* AppDelegate.m */; };
		D200650E16D821D0003DCCEE /* Default.png in Resources */ = {isa = PBXBuildFile; fileRef = D200650D16D821D0003DCCEE /* Default.png */; };
		D200651016D821D0003DCCEE /* Default@2x.png in Resources */ = {isa = PBXBuildFile; fileRef = D200650F16D821D0003DCCEE /* Default@2x.png */; };
		D200651216D821D0003DCCEE /* Default-568h@2x.png in Resources */ = {isa = PBXBuildFile; fileRef = D200651116D821D0003DCCEE /* Default-568h@2x.png */; };
		D200651516D821D0003DCCEE /* ViewController.m in Sources */ = {isa = PBXBuildFile; fileRef = D200651416D821D0003DCCEE /* ViewController.m */; };
		D200651816D821D0003DCCEE /* ViewController.xib in Resources */ = {isa = PBXBuildFile; fileRef = D200651616D821D0003DCCEE /* ViewController.xib */; };
		D200652016D821FF003DCCEE /* Card.m in Sources */ = {isa = PBXBuildFile; fileRef = D200651F16D821FF003DCCEE /* Card.m */; };
		D200652316D84709003DCCEE /* Deck.m in Sources */ = {isa = PBXBuildFile; fileRef = D200652216D84709003DCCEE /* Deck.m */; };
		D200652616D84A7F003DCCEE /* PlayingCard.m in Sources */ = {isa = PBXBuildFile; fileRef = D200652516D84A7F003DCCEE /* PlayingCard.m */; };
		D200652916D85043003DCCEE /* PlayingCardDeck.m in Sources */ = {isa = PBXBuildFile; fileRef = D200652816D85043003DCCEE /* PlayingCardDeck.m */; };
		D24E0D4616D918C900F10C4D /* cardBack.jpeg in Resources */ = {isa = PBXBuildFile; fileRef = D24E0D4516D918C900F10C4D /* cardBack.jpeg */; };
		D24E0D4916D91E0B00F10C4D /* CardMatchingGame.m in Sources */ = {isa = PBXBuildFile; fileRef = D24E0D4816D91E0B00F10C4D /* CardMatchingGame.m */; };
/* End PBXBuildFile section */

/* Begin PBXFileReference section */
		D20064F816D821CF003DCCEE /* Matchismo.app */ = {isa = PBXFileReference; explicitFileType = wrapper.application; includeInIndex = 0; path = Matchismo.app; sourceTree = BUILT_PRODUCTS_DIR; };
		D20064FB16D821CF003DCCEE /* UIKit.framework */ = {isa = PBXFileReference; lastKnownFileType = wrapper.framework; name = UIKit.framework; path = System/Library/Frameworks/UIKit.framework; sourceTree = SDKROOT; };
		D20064FD16D821CF003DCCEE /* Foundation.framework */ = {isa = PBXFileReference; lastKnownFileType = wrapper.framework; name = Foundation.framework; path = System/Library/Frameworks/Foundation.framework; sourceTree = SDKROOT; };
		D20064FF16D821CF003DCCEE /* CoreGraphics.framework */ = {isa = PBXFileReference; lastKnownFileType = wrapper.framework; name = CoreGraphics.framework; path = System/Library/Frameworks/CoreGraphics.framework; sourceTree = SDKROOT; };
		D200650316D821D0003DCCEE /* Matchismo-Info.plist */ = {isa = PBXFileReference; lastKnownFileType = text.plist.xml; path = "Matchismo-Info.plist"; sourceTree = "<group>"; };
		D200650516D821D0003DCCEE /* en */ = {isa = PBXFileReference; lastKnownFileType = text.plist.strings; name = en; path = en.lproj/InfoPlist.strings; sourceTree = "<group>"; };
		D200650716D821D0003DCCEE /* main.m */ = {isa = PBXFileReference; lastKnownFileType = sourcecode.c.objc; path = main.m; sourceTree = "<group>"; };
		D200650916D821D0003DCCEE /* Matchismo-Prefix.pch */ = {isa = PBXFileReference; lastKnownFileType = sourcecode.c.h; path = "Matchismo-Prefix.pch"; sourceTree = "<group>"; };
		D200650A16D821D0003DCCEE /* AppDelegate.h */ = {isa = PBXFileReference; lastKnownFileType = sourcecode.c.h; path = AppDelegate.h; sourceTree = "<group>"; };
		D200650B16D821D0003DCCEE /* AppDelegate.m */ = {isa = PBXFileReference; lastKnownFileType = sourcecode.c.objc; path = AppDelegate.m; sourceTree = "<group>"; };
		D200650D16D821D0003DCCEE /* Default.png */ = {isa = PBXFileReference; lastKnownFileType = image.png; path = Default.png; sourceTree = "<group>"; };
		D200650F16D821D0003DCCEE /* Default@2x.png */ = {isa = PBXFileReference; lastKnownFileType = image.png; path = "Default@2x.png"; sourceTree = "<group>"; };
		D200651116D821D0003DCCEE /* Default-568h@2x.png */ = {isa = PBXFileReference; lastKnownFileType = image.png; path = "Default-568h@2x.png"; sourceTree = "<group>"; };
		D200651316D821D0003DCCEE /* ViewController.h */ = {isa = PBXFileReference; lastKnownFileType = sourcecode.c.h; path = ViewController.h; sourceTree = "<group>"; };
		D200651416D821D0003DCCEE /* ViewController.m */ = {isa = PBXFileReference; lastKnownFileType = sourcecode.c.objc; path = ViewController.m; sourceTree = "<group>"; };
		D200651716D821D0003DCCEE /* en */ = {isa = PBXFileReference; lastKnownFileType = file.xib; name = en; path = en.lproj/ViewController.xib; sourceTree = "<group>"; };
		D200651E16D821FF003DCCEE /* Card.h */ = {isa = PBXFileReference; fileEncoding = 4; lastKnownFileType = sourcecode.c.h; path = Card.h; sourceTree = "<group>"; };
		D200651F16D821FF003DCCEE /* Card.m */ = {isa = PBXFileReference; fileEncoding = 4; lastKnownFileType = sourcecode.c.objc; path = Card.m; sourceTree = "<group>"; };
		D200652116D84709003DCCEE /* Deck.h */ = {isa = PBXFileReference; fileEncoding = 4; lastKnownFileType = sourcecode.c.h; path = Deck.h; sourceTree = "<group>"; };
		D200652216D84709003DCCEE /* Deck.m */ = {isa = PBXFileReference; fileEncoding = 4; lastKnownFileType = sourcecode.c.objc; path = Deck.m; sourceTree = "<group>"; };
		D200652416D84A7F003DCCEE /* PlayingCard.h */ = {isa = PBXFileReference; fileEncoding = 4; lastKnownFileType = sourcecode.c.h; path = PlayingCard.h; sourceTree = "<group>"; };
		D200652516D84A7F003DCCEE /* PlayingCard.m */ = {isa = PBXFileReference; fileEncoding = 4; lastKnownFileType = sourcecode.c.objc; path = PlayingCard.m; sourceTree = "<group>"; };
		D200652716D85043003DCCEE /* PlayingCardDeck.h */ = {isa = PBXFileReference; fileEncoding = 4; lastKnownFileType = sourcecode.c.h; path = PlayingCardDeck.h; sourceTree = "<group>"; };
		D200652816D85043003DCCEE /* PlayingCardDeck.m */ = {isa = PBXFileReference; fileEncoding = 4; lastKnownFileType = sourcecode.c.objc; path = PlayingCardDeck.m; sourceTree = "<group>"; };
		D24E0D4516D918C900F10C4D /* cardBack.jpeg */ = {isa = PBXFileReference; lastKnownFileType = image.jpeg; path = cardBack.jpeg; sourceTree = "<group>"; };
		D24E0D4716D91E0B00F10C4D /* CardMatchingGame.h */ = {isa = PBXFileReference; fileEncoding = 4; lastKnownFileType = sourcecode.c.h; path = CardMatchingGame.h; sourceTree = "<group>"; };
		D24E0D4816D91E0B00F10C4D /* CardMatchingGame.m */ = {isa = PBXFileReference; fileEncoding = 4; lastKnownFileType = sourcecode.c.objc; path = CardMatchingGame.m; sourceTree = "<group>"; };
/* End PBXFileReference section */

/* Begin PBXFrameworksBuildPhase section */
		D20064F516D821CF003DCCEE /* Frameworks */ = {
			isa = PBXFrameworksBuildPhase;
			buildActionMask = 2147483647;
			files = (
				D20064FC16D821CF003DCCEE /* UIKit.framework in Frameworks */,
				D20064FE16D821CF003DCCEE /* Foundation.framework in Frameworks */,
				D200650016D821CF003DCCEE /* CoreGraphics.framework in Frameworks */,
			);
			runOnlyForDeploymentPostprocessing = 0;
		};
/* End PBXFrameworksBuildPhase section */

/* Begin PBXGroup section */
		D20064EF16D821CF003DCCEE = {
			isa = PBXGroup;
			children = (
				D200650116D821D0003DCCEE /* Matchismo */,
				D20064FA16D821CF003DCCEE /* Frameworks */,
				D20064F916D821CF003DCCEE /* Products */,
			);
			sourceTree = "<group>";
		};
		D20064F916D821CF003DCCEE /* Products */ = {
			isa = PBXGroup;
			children = (
				D20064F816D821CF003DCCEE /* Matchismo.app */,
			);
			name = Products;
			sourceTree = "<group>";
		};
		D20064FA16D821CF003DCCEE /* Frameworks */ = {
			isa = PBXGroup;
			children = (
				D20064FB16D821CF003DCCEE /* UIKit.framework */,
				D20064FD16D821CF003DCCEE /* Foundation.framework */,
				D20064FF16D821CF003DCCEE /* CoreGraphics.framework */,
			);
			name = Frameworks;
			sourceTree = "<group>";
		};
		D200650116D821D0003DCCEE /* Matchismo */ = {
			isa = PBXGroup;
			children = (
				D24E0D4A16D91E1500F10C4D /* Models */,
				D200651316D821D0003DCCEE /* ViewController.h */,
				D200651416D821D0003DCCEE /* ViewController.m */,
				D200651616D821D0003DCCEE /* ViewController.xib */,
				D24E0D4516D918C900F10C4D /* cardBack.jpeg */,
				D200650216D821D0003DCCEE /* Supporting Files */,
			);
			path = Matchismo;
			sourceTree = "<group>";
		};
		D200650216D821D0003DCCEE /* Supporting Files */ = {
			isa = PBXGroup;
			children = (
				D200650A16D821D0003DCCEE /* AppDelegate.h */,
				D200650B16D821D0003DCCEE /* AppDelegate.m */,
				D200650316D821D0003DCCEE /* Matchismo-Info.plist */,
				D200650416D821D0003DCCEE /* InfoPlist.strings */,
				D200650716D821D0003DCCEE /* main.m */,
				D200650916D821D0003DCCEE /* Matchismo-Prefix.pch */,
				D200650D16D821D0003DCCEE /* Default.png */,
				D200650F16D821D0003DCCEE /* Default@2x.png */,
				D200651116D821D0003DCCEE /* Default-568h@2x.png */,
			);
			name = "Supporting Files";
			sourceTree = "<group>";
		};
		D24E0D4A16D91E1500F10C4D /* Models */ = {
			isa = PBXGroup;
			children = (
				D24E0D4716D91E0B00F10C4D /* CardMatchingGame.h */,
				D24E0D4816D91E0B00F10C4D /* CardMatchingGame.m */,
				D200651E16D821FF003DCCEE /* Card.h */,
				D200651F16D821FF003DCCEE /* Card.m */,
				D200652116D84709003DCCEE /* Deck.h */,
				D200652216D84709003DCCEE /* Deck.m */,
				D200652416D84A7F003DCCEE /* PlayingCard.h */,
				D200652516D84A7F003DCCEE /* PlayingCard.m */,
				D200652716D85043003DCCEE /* PlayingCardDeck.h */,
				D200652816D85043003DCCEE /* PlayingCardDeck.m */,
			);
			name = Models;
			sourceTree = "<group>";
		};
/* End PBXGroup section */

/* Begin PBXNativeTarget section */
		D20064F716D821CF003DCCEE /* Matchismo */ = {
			isa = PBXNativeTarget;
			buildConfigurationList = D200651B16D821D0003DCCEE /* Build configuration list for PBXNativeTarget "Matchismo" */;
			buildPhases = (
				D20064F416D821CF003DCCEE /* Sources */,
				D20064F516D821CF003DCCEE /* Frameworks */,
				D20064F616D821CF003DCCEE /* Resources */,
			);
			buildRules = (
			);
			dependencies = (
			);
			name = Matchismo;
			productName = Matchismo;
			productReference = D20064F816D821CF003DCCEE /* Matchismo.app */;
			productType = "com.apple.product-type.application";
		};
/* End PBXNativeTarget section */

/* Begin PBXProject section */
		D20064F016D821CF003DCCEE /* Project object */ = {
			isa = PBXProject;
			attributes = {
				LastUpgradeCheck = 0460;
				ORGANIZATIONNAME = EnclaveForensics;
			};
			buildConfigurationList = D20064F316D821CF003DCCEE /* Build configuration list for PBXProject "Matchismo" */;
			compatibilityVersion = "Xcode 3.2";
			developmentRegion = English;
			hasScannedForEncodings = 0;
			knownRegions = (
				en,
			);
			mainGroup = D20064EF16D821CF003DCCEE;
			productRefGroup = D20064F916D821CF003DCCEE /* Products */;
			projectDirPath = "";
			projectRoot = "";
			targets = (
				D20064F716D821CF003DCCEE /* Matchismo */,
			);
		};
/* End PBXProject section */

/* Begin PBXResourcesBuildPhase section */
		D20064F616D821CF003DCCEE /* Resources */ = {
			isa = PBXResourcesBuildPhase;
			buildActionMask = 2147483647;
			files = (
				D200650616D821D0003DCCEE /* InfoPlist.strings in Resources */,
				D200650E16D821D0003DCCEE /* Default.png in Resources */,
				D200651016D821D0003DCCEE /* Default@2x.png in Resources */,
				D200651216D821D0003DCCEE /* Default-568h@2x.png in Resources */,
				D200651816D821D0003DCCEE /* ViewController.xib in Resources */,
				D24E0D4616D918C900F10C4D /* cardBack.jpeg in Resources */,
			);
			runOnlyForDeploymentPostprocessing = 0;
		};
/* End PBXResourcesBuildPhase section */

/* Begin PBXSourcesBuildPhase section */
		D20064F416D821CF003DCCEE /* Sources */ = {
			isa = PBXSourcesBuildPhase;
			buildActionMask = 2147483647;
			files = (
				D200650816D821D0003DCCEE /* main.m in Sources */,
				D200650C16D821D0003DCCEE /* AppDelegate.m in Sources */,
				D200651516D821D0003DCCEE /* ViewController.m in Sources */,
				D200652016D821FF003DCCEE /* Card.m in Sources */,
				D200652316D84709003DCCEE /* Deck.m in Sources */,
				D200652616D84A7F003DCCEE /* PlayingCard.m in Sources */,
				D200652916D85043003DCCEE /* PlayingCardDeck.m in Sources */,
				D24E0D4916D91E0B00F10C4D /* CardMatchingGame.m in Sources */,
			);
			runOnlyForDeploymentPostprocessing = 0;
		};
/* End PBXSourcesBuildPhase section */

/* Begin PBXVariantGroup section */
		D200650416D821D0003DCCEE /* InfoPlist.strings */ = {
			isa = PBXVariantGroup;
			children = (
				D200650516D821D0003DCCEE /* en */,
			);
			name = InfoPlist.strings;
			sourceTree = "<group>";
		};
		D200651616D821D0003DCCEE /* ViewController.xib */ = {
			isa = PBXVariantGroup;
			children = (
				D200651716D821D0003DCCEE /* en */,
			);
			name = ViewController.xib;
			sourceTree = "<group>";
		};
/* End PBXVariantGroup section */

/* Begin XCBuildConfiguration section */
		D200651916D821D0003DCCEE /* Debug */ = {
			isa = XCBuildConfiguration;
			buildSettings = {
				ALWAYS_SEARCH_USER_PATHS = NO;
				CLANG_CXX_LANGUAGE_STANDARD = "gnu++0x";
				CLANG_CXX_LIBRARY = "libc++";
				CLANG_ENABLE_OBJC_ARC = YES;
				CLANG_WARN_CONSTANT_CONVERSION = YES;
				CLANG_WARN_EMPTY_BODY = YES;
				CLANG_WARN_ENUM_CONVERSION = YES;
				CLANG_WARN_INT_CONVERSION = YES;
				CLANG_WARN__DUPLICATE_METHOD_MATCH = YES;
				"CODE_SIGN_IDENTITY[sdk=iphoneos*]" = "iPhone Developer";
				COPY_PHASE_STRIP = NO;
				GCC_C_LANGUAGE_STANDARD = gnu99;
				GCC_DYNAMIC_NO_PIC = NO;
				GCC_OPTIMIZATION_LEVEL = 0;
				GCC_PREPROCESSOR_DEFINITIONS = (
					"DEBUG=1",
					"$(inherited)",
				);
				GCC_SYMBOLS_PRIVATE_EXTERN = NO;
				GCC_WARN_ABOUT_RETURN_TYPE = YES;
				GCC_WARN_UNINITIALIZED_AUTOS = YES;
				GCC_WARN_UNUSED_VARIABLE = YES;
				IPHONEOS_DEPLOYMENT_TARGET = 6.1;
				ONLY_ACTIVE_ARCH = YES;
				SDKROOT = iphoneos;
			};
			name = Debug;
		};
		D200651A16D821D0003DCCEE /* Release */ = {
			isa = XCBuildConfiguration;
			buildSettings = {
				ALWAYS_SEARCH_USER_PATHS = NO;
				CLANG_CXX_LANGUAGE_STANDARD = "gnu++0x";
				CLANG_CXX_LIBRARY = "libc++";
				CLANG_ENABLE_OBJC_ARC = YES;
				CLANG_WARN_CONSTANT_CONVERSION = YES;
				CLANG_WARN_EMPTY_BODY = YES;
				CLANG_WARN_ENUM_CONVERSION = YES;
				CLANG_WARN_INT_CONVERSION = YES;
				CLANG_WARN__DUPLICATE_METHOD_MATCH = YES;
				"CODE_SIGN_IDENTITY[sdk=iphoneos*]" = "iPhone Developer";
				COPY_PHASE_STRIP = YES;
				GCC_C_LANGUAGE_STANDARD = gnu99;
				GCC_WARN_ABOUT_RETURN_TYPE = YES;
				GCC_WARN_UNINITIALIZED_AUTOS = YES;
				GCC_WARN_UNUSED_VARIABLE = YES;
				IPHONEOS_DEPLOYMENT_TARGET = 6.1;
				OTHER_CFLAGS = "-DNS_BLOCK_ASSERTIONS=1";
				SDKROOT = iphoneos;
				VALIDATE_PRODUCT = YES;
			};
			name = Release;
		};
		D200651C16D821D0003DCCEE /* Debug */ = {
			isa = XCBuildConfiguration;
			buildSettings = {
				GCC_PRECOMPILE_PREFIX_HEADER = YES;
				GCC_PREFIX_HEADER = "Matchismo/Matchismo-Prefix.pch";
				INFOPLIST_FILE = "Matchismo/Matchismo-Info.plist";
				PRODUCT_NAME = "$(TARGET_NAME)";
				WRAPPER_EXTENSION = app;
			};
			name = Debug;
		};
		D200651D16D821D0003DCCEE /* Release */ = {
			isa = XCBuildConfiguration;
			buildSettings = {
				GCC_PRECOMPILE_PREFIX_HEADER = YES;
				GCC_PREFIX_HEADER = "Matchismo/Matchismo-Prefix.pch";
				INFOPLIST_FILE = "Matchismo/Matchismo-Info.plist";
				PRODUCT_NAME = "$(TARGET_NAME)";
				WRAPPER_EXTENSION = app;
			};
			name = Release;
		};
/* End XCBuildConfiguration section */

/* Begin XCConfigurationList section */
		D20064F316D821CF003DCCEE /* Build configuration list for PBXProject "Matchismo" */ = {
			isa = XCConfigurationList;
			buildConfigurations = (
				D200651916D821D0003DCCEE /* Debug */,
				D200651A16D821D0003DCCEE /* Release */,
			);
			defaultConfigurationIsVisible = 0;
			defaultConfigurationName = Release;
		};
		D200651B16D821D0003DCCEE /* Build configuration list for PBXNativeTarget "Matchismo" */ = {
			isa = XCConfigurationList;
			buildConfigurations = (
				D200651C16D821D0003DCCEE /* Debug */,
				D200651D16D821D0003DCCEE /* Release */,
			);
			defaultConfigurationIsVisible = 0;
			defaultConfigurationName = Release;
		};
/* End XCConfigurationList section */
	};
	rootObject = D20064F016D821CF003DCCEE /* Project object */;
}
